// !$*UTF8*$!
{
	archiveVersion = 1;
	classes = {
	};
	objectVersion = 46;
	objects = {

/* Begin PBXBuildFile section */
		8A872793149CE19A008D3358 /* Foundation.framework in Frameworks */ = {isa = PBXBuildFile; fileRef = 8A872792149CE19A008D3358 /* Foundation.framework */; };
		8A872795149CE19A008D3358 /* UIKit.framework in Frameworks */ = {isa = PBXBuildFile; fileRef = 8A872794149CE19A008D3358 /* UIKit.framework */; };
		8A872797149CE19A008D3358 /* CoreGraphics.framework in Frameworks */ = {isa = PBXBuildFile; fileRef = 8A872796149CE19A008D3358 /* CoreGraphics.framework */; };
		8A872799149CE19A008D3358 /* AddressBook.framework in Frameworks */ = {isa = PBXBuildFile; fileRef = 8A872798149CE19A008D3358 /* AddressBook.framework */; };
		8A87279B149CE19A008D3358 /* AddressBookUI.framework in Frameworks */ = {isa = PBXBuildFile; fileRef = 8A87279A149CE19A008D3358 /* AddressBookUI.framework */; };
		8A87279D149CE19A008D3358 /* AudioToolbox.framework in Frameworks */ = {isa = PBXBuildFile; fileRef = 8A87279C149CE19A008D3358 /* AudioToolbox.framework */; };
		8A87279F149CE19A008D3358 /* AVFoundation.framework in Frameworks */ = {isa = PBXBuildFile; fileRef = 8A87279E149CE19A008D3358 /* AVFoundation.framework */; };
		8A8727A1149CE19A008D3358 /* CoreLocation.framework in Frameworks */ = {isa = PBXBuildFile; fileRef = 8A8727A0149CE19A008D3358 /* CoreLocation.framework */; };
		8A8727A3149CE19A008D3358 /* MediaPlayer.framework in Frameworks */ = {isa = PBXBuildFile; fileRef = 8A8727A2149CE19A008D3358 /* MediaPlayer.framework */; };
		8A8727A5149CE19A008D3358 /* QuartzCore.framework in Frameworks */ = {isa = PBXBuildFile; fileRef = 8A8727A4149CE19A008D3358 /* QuartzCore.framework */; };
		8A8727A7149CE19A008D3358 /* SystemConfiguration.framework in Frameworks */ = {isa = PBXBuildFile; fileRef = 8A8727A6149CE19A008D3358 /* SystemConfiguration.framework */; };
		8A8727A9149CE19A008D3358 /* MobileCoreServices.framework in Frameworks */ = {isa = PBXBuildFile; fileRef = 8A8727A8149CE19A008D3358 /* MobileCoreServices.framework */; };
		8A8727AB149CE19A008D3358 /* CoreMedia.framework in Frameworks */ = {isa = PBXBuildFile; fileRef = 8A8727AA149CE19A008D3358 /* CoreMedia.framework */; };
		8A8727B1149CE19A008D3358 /* InfoPlist.strings in Resources */ = {isa = PBXBuildFile; fileRef = 8A8727AF149CE19A008D3358 /* InfoPlist.strings */; };
		8A8727B3149CE19A008D3358 /* main.m in Sources */ = {isa = PBXBuildFile; fileRef = 8A8727B2149CE19A008D3358 /* main.m */; };
		8A8727B6149CE19A008D3358 /* PhoneGap.framework in Frameworks */ = {isa = PBXBuildFile; fileRef = 8A8727B5149CE19A008D3358 /* PhoneGap.framework */; };
		8A8727BB149CE19A008D3358 /* Localizable.strings in Resources */ = {isa = PBXBuildFile; fileRef = 8A8727B9149CE19A008D3358 /* Localizable.strings */; };
		8A8727BF149CE19A008D3358 /* Localizable.strings in Resources */ = {isa = PBXBuildFile; fileRef = 8A8727BD149CE19A008D3358 /* Localizable.strings */; };
		8A8727C2149CE19A008D3358 /* icon.png in Resources */ = {isa = PBXBuildFile; fileRef = 8A8727C1149CE19A008D3358 /* icon.png */; };
		8A8727C4149CE19A008D3358 /* icon@2x.png in Resources */ = {isa = PBXBuildFile; fileRef = 8A8727C3149CE19A008D3358 /* icon@2x.png */; };
		8A8727C6149CE19A008D3358 /* icon-72.png in Resources */ = {isa = PBXBuildFile; fileRef = 8A8727C5149CE19A008D3358 /* icon-72.png */; };
		8A8727C9149CE19A008D3358 /* Default.png in Resources */ = {isa = PBXBuildFile; fileRef = 8A8727C8149CE19A008D3358 /* Default.png */; };
		8A8727CB149CE19A008D3358 /* Default@2x.png in Resources */ = {isa = PBXBuildFile; fileRef = 8A8727CA149CE19A008D3358 /* Default@2x.png */; };
		8A8727CD149CE19A008D3358 /* Capture.bundle in Resources */ = {isa = PBXBuildFile; fileRef = 8A8727CC149CE19A008D3358 /* Capture.bundle */; };
		8A8727CF149CE19A008D3358 /* PhoneGap.plist in Resources */ = {isa = PBXBuildFile; fileRef = 8A8727CE149CE19A008D3358 /* PhoneGap.plist */; };
		8A8727D3149CE19A008D3358 /* AppDelegate.m in Sources */ = {isa = PBXBuildFile; fileRef = 8A8727D2149CE19A008D3358 /* AppDelegate.m */; };
		8A8727E0149CE358008D3358 /* PGBarcodeScanner.mm in Sources */ = {isa = PBXBuildFile; fileRef = 8A8727DE149CE358008D3358 /* PGBarcodeScanner.mm */; };
		8A8727E3149CE392008D3358 /* www in Resources */ = {isa = PBXBuildFile; fileRef = 8A8727E2149CE392008D3358 /* www */; };
		8A8727E5149CE44B008D3358 /* AssetsLibrary.framework in Frameworks */ = {isa = PBXBuildFile; fileRef = 8A8727E4149CE44B008D3358 /* AssetsLibrary.framework */; };
		8A8727E7149CE45A008D3358 /* CoreVideo.framework in Frameworks */ = {isa = PBXBuildFile; fileRef = 8A8727E6149CE45A008D3358 /* CoreVideo.framework */; };
		8A8727E9149CE490008D3358 /* libiconv.dylib in Frameworks */ = {isa = PBXBuildFile; fileRef = 8A8727E8149CE490008D3358 /* libiconv.dylib */; };
		8A8727EA149CE637008D3358 /* zxing-all-in-one.cpp in Sources */ = {isa = PBXBuildFile; fileRef = 8A8727DF149CE358008D3358 /* zxing-all-in-one.cpp */; };
/* End PBXBuildFile section */

/* Begin PBXFileReference section */
		8A87278E149CE19A008D3358 /* optibeltscanner.app */ = {isa = PBXFileReference; explicitFileType = wrapper.application; includeInIndex = 0; path = optibeltscanner.app; sourceTree = BUILT_PRODUCTS_DIR; };
		8A872792149CE19A008D3358 /* Foundation.framework */ = {isa = PBXFileReference; lastKnownFileType = wrapper.framework; name = Foundation.framework; path = System/Library/Frameworks/Foundation.framework; sourceTree = SDKROOT; };
		8A872794149CE19A008D3358 /* UIKit.framework */ = {isa = PBXFileReference; lastKnownFileType = wrapper.framework; name = UIKit.framework; path = System/Library/Frameworks/UIKit.framework; sourceTree = SDKROOT; };
		8A872796149CE19A008D3358 /* CoreGraphics.framework */ = {isa = PBXFileReference; lastKnownFileType = wrapper.framework; name = CoreGraphics.framework; path = System/Library/Frameworks/CoreGraphics.framework; sourceTree = SDKROOT; };
		8A872798149CE19A008D3358 /* AddressBook.framework */ = {isa = PBXFileReference; lastKnownFileType = wrapper.framework; name = AddressBook.framework; path = System/Library/Frameworks/AddressBook.framework; sourceTree = SDKROOT; };
		8A87279A149CE19A008D3358 /* AddressBookUI.framework */ = {isa = PBXFileReference; lastKnownFileType = wrapper.framework; name = AddressBookUI.framework; path = System/Library/Frameworks/AddressBookUI.framework; sourceTree = SDKROOT; };
		8A87279C149CE19A008D3358 /* AudioToolbox.framework */ = {isa = PBXFileReference; lastKnownFileType = wrapper.framework; name = AudioToolbox.framework; path = System/Library/Frameworks/AudioToolbox.framework; sourceTree = SDKROOT; };
		8A87279E149CE19A008D3358 /* AVFoundation.framework */ = {isa = PBXFileReference; lastKnownFileType = wrapper.framework; name = AVFoundation.framework; path = System/Library/Frameworks/AVFoundation.framework; sourceTree = SDKROOT; };
		8A8727A0149CE19A008D3358 /* CoreLocation.framework */ = {isa = PBXFileReference; lastKnownFileType = wrapper.framework; name = CoreLocation.framework; path = System/Library/Frameworks/CoreLocation.framework; sourceTree = SDKROOT; };
		8A8727A2149CE19A008D3358 /* MediaPlayer.framework */ = {isa = PBXFileReference; lastKnownFileType = wrapper.framework; name = MediaPlayer.framework; path = System/Library/Frameworks/MediaPlayer.framework; sourceTree = SDKROOT; };
		8A8727A4149CE19A008D3358 /* QuartzCore.framework */ = {isa = PBXFileReference; lastKnownFileType = wrapper.framework; name = QuartzCore.framework; path = System/Library/Frameworks/QuartzCore.framework; sourceTree = SDKROOT; };
		8A8727A6149CE19A008D3358 /* SystemConfiguration.framework */ = {isa = PBXFileReference; lastKnownFileType = wrapper.framework; name = SystemConfiguration.framework; path = System/Library/Frameworks/SystemConfiguration.framework; sourceTree = SDKROOT; };
		8A8727A8149CE19A008D3358 /* MobileCoreServices.framework */ = {isa = PBXFileReference; lastKnownFileType = wrapper.framework; name = MobileCoreServices.framework; path = System/Library/Frameworks/MobileCoreServices.framework; sourceTree = SDKROOT; };
		8A8727AA149CE19A008D3358 /* CoreMedia.framework */ = {isa = PBXFileReference; lastKnownFileType = wrapper.framework; name = CoreMedia.framework; path = System/Library/Frameworks/CoreMedia.framework; sourceTree = SDKROOT; };
		8A8727AE149CE19A008D3358 /* optibeltscanner-Info.plist */ = {isa = PBXFileReference; lastKnownFileType = text.plist.xml; path = "optibeltscanner-Info.plist"; sourceTree = "<group>"; };
		8A8727B0149CE19A008D3358 /* en */ = {isa = PBXFileReference; lastKnownFileType = text.plist.strings; name = en; path = en.lproj/InfoPlist.strings; sourceTree = "<group>"; };
		8A8727B2149CE19A008D3358 /* main.m */ = {isa = PBXFileReference; lastKnownFileType = sourcecode.c.objc; path = main.m; sourceTree = "<group>"; };
		8A8727B4149CE19A008D3358 /* optibeltscanner-Prefix.pch */ = {isa = PBXFileReference; lastKnownFileType = sourcecode.c.h; path = "optibeltscanner-Prefix.pch"; sourceTree = "<group>"; };
		8A8727B5149CE19A008D3358 /* PhoneGap.framework */ = {isa = PBXFileReference; lastKnownFileType = wrapper.framework; name = PhoneGap.framework; path = /Users/Shared/PhoneGap/Frameworks/PhoneGap.framework; sourceTree = "<absolute>"; };
		8A8727BA149CE19A008D3358 /* en */ = {isa = PBXFileReference; lastKnownFileType = text.plist.strings; name = en; path = Resources/en.lproj/Localizable.strings; sourceTree = "<group>"; };
		8A8727BE149CE19A008D3358 /* es */ = {isa = PBXFileReference; lastKnownFileType = text.plist.strings; name = es; path = Resources/es.lproj/Localizable.strings; sourceTree = "<group>"; };
		8A8727C1149CE19A008D3358 /* icon.png */ = {isa = PBXFileReference; lastKnownFileType = image.png; name = icon.png; path = Resources/icons/icon.png; sourceTree = "<group>"; };
		8A8727C3149CE19A008D3358 /* icon@2x.png */ = {isa = PBXFileReference; lastKnownFileType = image.png; name = "icon@2x.png"; path = "Resources/icons/icon@2x.png"; sourceTree = "<group>"; };
		8A8727C5149CE19A008D3358 /* icon-72.png */ = {isa = PBXFileReference; lastKnownFileType = image.png; name = "icon-72.png"; path = "Resources/icons/icon-72.png"; sourceTree = "<group>"; };
		8A8727C8149CE19A008D3358 /* Default.png */ = {isa = PBXFileReference; lastKnownFileType = image.png; name = Default.png; path = Resources/splash/Default.png; sourceTree = "<group>"; };
		8A8727CA149CE19A008D3358 /* Default@2x.png */ = {isa = PBXFileReference; lastKnownFileType = image.png; name = "Default@2x.png"; path = "Resources/splash/Default@2x.png"; sourceTree = "<group>"; };
		8A8727CC149CE19A008D3358 /* Capture.bundle */ = {isa = PBXFileReference; lastKnownFileType = "wrapper.plug-in"; name = Capture.bundle; path = Resources/Capture.bundle; sourceTree = "<group>"; };
		8A8727CE149CE19A008D3358 /* PhoneGap.plist */ = {isa = PBXFileReference; lastKnownFileType = text.plist.xml; path = PhoneGap.plist; sourceTree = "<group>"; };
		8A8727D1149CE19A008D3358 /* AppDelegate.h */ = {isa = PBXFileReference; lastKnownFileType = sourcecode.c.h; name = AppDelegate.h; path = Classes/AppDelegate.h; sourceTree = "<group>"; };
		8A8727D2149CE19A008D3358 /* AppDelegate.m */ = {isa = PBXFileReference; lastKnownFileType = sourcecode.c.objc; name = AppDelegate.m; path = Classes/AppDelegate.m; sourceTree = "<group>"; };
		8A8727D5149CE19A008D3358 /* README */ = {isa = PBXFileReference; lastKnownFileType = text; name = README; path = Plugins/README; sourceTree = "<group>"; };
		8A8727DD149CE358008D3358 /* zxing-all-in-one.h */ = {isa = PBXFileReference; fileEncoding = 4; lastKnownFileType = sourcecode.c.h; path = "zxing-all-in-one.h"; sourceTree = "<group>"; };
		8A8727DE149CE358008D3358 /* PGBarcodeScanner.mm */ = {isa = PBXFileReference; fileEncoding = 4; lastKnownFileType = sourcecode.cpp.objcpp; path = PGBarcodeScanner.mm; sourceTree = "<group>"; };
		8A8727DF149CE358008D3358 /* zxing-all-in-one.cpp */ = {isa = PBXFileReference; fileEncoding = 4; lastKnownFileType = sourcecode.cpp.cpp; path = "zxing-all-in-one.cpp"; sourceTree = "<group>"; };
		8A8727E2149CE392008D3358 /* www */ = {isa = PBXFileReference; lastKnownFileType = folder; path = www; sourceTree = "<group>"; };
		8A8727E4149CE44B008D3358 /* AssetsLibrary.framework */ = {isa = PBXFileReference; lastKnownFileType = wrapper.framework; name = AssetsLibrary.framework; path = System/Library/Frameworks/AssetsLibrary.framework; sourceTree = SDKROOT; };
		8A8727E6149CE45A008D3358 /* CoreVideo.framework */ = {isa = PBXFileReference; lastKnownFileType = wrapper.framework; name = CoreVideo.framework; path = System/Library/Frameworks/CoreVideo.framework; sourceTree = SDKROOT; };
		8A8727E8149CE490008D3358 /* libiconv.dylib */ = {isa = PBXFileReference; lastKnownFileType = "compiled.mach-o.dylib"; name = libiconv.dylib; path = usr/lib/libiconv.dylib; sourceTree = SDKROOT; };
/* End PBXFileReference section */

/* Begin PBXFrameworksBuildPhase section */
		8A872788149CE19A008D3358 /* Frameworks */ = {
			isa = PBXFrameworksBuildPhase;
			buildActionMask = 2147483647;
			files = (
				8A8727E9149CE490008D3358 /* libiconv.dylib in Frameworks */,
				8A8727E7149CE45A008D3358 /* CoreVideo.framework in Frameworks */,
				8A8727E5149CE44B008D3358 /* AssetsLibrary.framework in Frameworks */,
				8A87279F149CE19A008D3358 /* AVFoundation.framework in Frameworks */,
				8A872793149CE19A008D3358 /* Foundation.framework in Frameworks */,
				8A872795149CE19A008D3358 /* UIKit.framework in Frameworks */,
				8A872797149CE19A008D3358 /* CoreGraphics.framework in Frameworks */,
				8A872799149CE19A008D3358 /* AddressBook.framework in Frameworks */,
				8A87279B149CE19A008D3358 /* AddressBookUI.framework in Frameworks */,
				8A87279D149CE19A008D3358 /* AudioToolbox.framework in Frameworks */,
				8A8727A1149CE19A008D3358 /* CoreLocation.framework in Frameworks */,
				8A8727A3149CE19A008D3358 /* MediaPlayer.framework in Frameworks */,
				8A8727A5149CE19A008D3358 /* QuartzCore.framework in Frameworks */,
				8A8727A7149CE19A008D3358 /* SystemConfiguration.framework in Frameworks */,
				8A8727A9149CE19A008D3358 /* MobileCoreServices.framework in Frameworks */,
				8A8727AB149CE19A008D3358 /* CoreMedia.framework in Frameworks */,
				8A8727B6149CE19A008D3358 /* PhoneGap.framework in Frameworks */,
			);
			runOnlyForDeploymentPostprocessing = 0;
		};
		8A87278B149CE19A008D3358 /* Frameworks */ = {
			isa = PBXFrameworksBuildPhase;
			buildActionMask = 2147483647;
			files = (
			);
			runOnlyForDeploymentPostprocessing = 0;
		};
/* End PBXFrameworksBuildPhase section */

/* Begin PBXGroup section */
		8A872780149CE19A008D3358 = {
			isa = PBXGroup;
			children = (
				8A8727E8149CE490008D3358 /* libiconv.dylib */,
				8A8727E6149CE45A008D3358 /* CoreVideo.framework */,
				8A8727E4149CE44B008D3358 /* AssetsLibrary.framework */,
				8A8727E2149CE392008D3358 /* www */,
				8A8727AC149CE19A008D3358 /* optibeltscanner */,
				8A872791149CE19A008D3358 /* Frameworks */,
				8A87278F149CE19A008D3358 /* Products */,
			);
			sourceTree = "<group>";
		};
		8A87278F149CE19A008D3358 /* Products */ = {
			isa = PBXGroup;
			children = (
				8A87278E149CE19A008D3358 /* optibeltscanner.app */,
			);
			name = Products;
			sourceTree = "<group>";
		};
		8A872791149CE19A008D3358 /* Frameworks */ = {
			isa = PBXGroup;
			children = (
				8A872792149CE19A008D3358 /* Foundation.framework */,
				8A872794149CE19A008D3358 /* UIKit.framework */,
				8A872796149CE19A008D3358 /* CoreGraphics.framework */,
				8A872798149CE19A008D3358 /* AddressBook.framework */,
				8A87279A149CE19A008D3358 /* AddressBookUI.framework */,
				8A87279C149CE19A008D3358 /* AudioToolbox.framework */,
				8A87279E149CE19A008D3358 /* AVFoundation.framework */,
				8A8727A0149CE19A008D3358 /* CoreLocation.framework */,
				8A8727A2149CE19A008D3358 /* MediaPlayer.framework */,
				8A8727A4149CE19A008D3358 /* QuartzCore.framework */,
				8A8727A6149CE19A008D3358 /* SystemConfiguration.framework */,
				8A8727A8149CE19A008D3358 /* MobileCoreServices.framework */,
				8A8727AA149CE19A008D3358 /* CoreMedia.framework */,
			);
			name = Frameworks;
			sourceTree = "<group>";
		};
		8A8727AC149CE19A008D3358 /* optibeltscanner */ = {
			isa = PBXGroup;
			children = (
				8A8727B5149CE19A008D3358 /* PhoneGap.framework */,
				8A8727B7149CE19A008D3358 /* Resources */,
				8A8727D0149CE19A008D3358 /* Classes */,
				8A8727D4149CE19A008D3358 /* Plugins */,
				8A8727AD149CE19A008D3358 /* Supporting Files */,
			);
			path = optibeltscanner;
			sourceTree = "<group>";
		};
		8A8727AD149CE19A008D3358 /* Supporting Files */ = {
			isa = PBXGroup;
			children = (
				8A8727AE149CE19A008D3358 /* optibeltscanner-Info.plist */,
				8A8727AF149CE19A008D3358 /* InfoPlist.strings */,
				8A8727B2149CE19A008D3358 /* main.m */,
				8A8727B4149CE19A008D3358 /* optibeltscanner-Prefix.pch */,
				8A8727CE149CE19A008D3358 /* PhoneGap.plist */,
			);
			name = "Supporting Files";
			sourceTree = "<group>";
		};
		8A8727B7149CE19A008D3358 /* Resources */ = {
			isa = PBXGroup;
			children = (
				8A8727CC149CE19A008D3358 /* Capture.bundle */,
				8A8727B8149CE19A008D3358 /* en.lproj */,
				8A8727BC149CE19A008D3358 /* es.lproj */,
				8A8727C0149CE19A008D3358 /* icons */,
				8A8727C7149CE19A008D3358 /* splash */,
			);
			name = Resources;
			sourceTree = "<group>";
		};
		8A8727B8149CE19A008D3358 /* en.lproj */ = {
			isa = PBXGroup;
			children = (
				8A8727B9149CE19A008D3358 /* Localizable.strings */,
			);
			name = en.lproj;
			sourceTree = "<group>";
		};
		8A8727BC149CE19A008D3358 /* es.lproj */ = {
			isa = PBXGroup;
			children = (
				8A8727BD149CE19A008D3358 /* Localizable.strings */,
			);
			name = es.lproj;
			sourceTree = "<group>";
		};
		8A8727C0149CE19A008D3358 /* icons */ = {
			isa = PBXGroup;
			children = (
				8A8727C1149CE19A008D3358 /* icon.png */,
				8A8727C3149CE19A008D3358 /* icon@2x.png */,
				8A8727C5149CE19A008D3358 /* icon-72.png */,
			);
			name = icons;
			sourceTree = "<group>";
		};
		8A8727C7149CE19A008D3358 /* splash */ = {
			isa = PBXGroup;
			children = (
				8A8727C8149CE19A008D3358 /* Default.png */,
				8A8727CA149CE19A008D3358 /* Default@2x.png */,
			);
			name = splash;
			sourceTree = "<group>";
		};
		8A8727D0149CE19A008D3358 /* Classes */ = {
			isa = PBXGroup;
			children = (
				8A8727D1149CE19A008D3358 /* AppDelegate.h */,
				8A8727D2149CE19A008D3358 /* AppDelegate.m */,
			);
			name = Classes;
			sourceTree = "<group>";
		};
		8A8727D4149CE19A008D3358 /* Plugins */ = {
			isa = PBXGroup;
			children = (
				8A8727DD149CE358008D3358 /* zxing-all-in-one.h */,
				8A8727DE149CE358008D3358 /* PGBarcodeScanner.mm */,
				8A8727DF149CE358008D3358 /* zxing-all-in-one.cpp */,
				8A8727D5149CE19A008D3358 /* README */,
			);
			name = Plugins;
			sourceTree = "<group>";
		};
/* End PBXGroup section */

/* Begin PBXNativeTarget section */
		8A87278D149CE19A008D3358 /* optibeltscanner */ = {
			isa = PBXNativeTarget;
			buildConfigurationList = 8A8727D8149CE19A008D3358 /* Build configuration list for PBXNativeTarget "optibeltscanner" */;
			buildPhases = (
				8A872787149CE19A008D3358 /* Sources */,
				8A872788149CE19A008D3358 /* Frameworks */,
				8A872789149CE19A008D3358 /* Resources */,
				8A87278A149CE19A008D3358 /* Sources */,
				8A87278B149CE19A008D3358 /* Frameworks */,
				8A87278C149CE19A008D3358 /* ShellScript */,
			);
			buildRules = (
			);
			dependencies = (
			);
			name = optibeltscanner;
			productName = optibeltscanner;
			productReference = 8A87278E149CE19A008D3358 /* optibeltscanner.app */;
			productType = "com.apple.product-type.application";
		};
/* End PBXNativeTarget section */

/* Begin PBXProject section */
		8A872782149CE19A008D3358 /* Project object */ = {
			isa = PBXProject;
			attributes = {
				LastUpgradeCheck = 0430;
			};
			buildConfigurationList = 8A872785149CE19A008D3358 /* Build configuration list for PBXProject "optibeltscanner" */;
			compatibilityVersion = "Xcode 3.2";
			developmentRegion = English;
			hasScannedForEncodings = 0;
			knownRegions = (
				en,
				es,
			);
			mainGroup = 8A872780149CE19A008D3358;
			productRefGroup = 8A87278F149CE19A008D3358 /* Products */;
			projectDirPath = "";
			projectRoot = "";
			targets = (
				8A87278D149CE19A008D3358 /* optibeltscanner */,
			);
		};
/* End PBXProject section */

/* Begin PBXResourcesBuildPhase section */
		8A872789149CE19A008D3358 /* Resources */ = {
			isa = PBXResourcesBuildPhase;
			buildActionMask = 2147483647;
			files = (
				8A8727B1149CE19A008D3358 /* InfoPlist.strings in Resources */,
				8A8727BB149CE19A008D3358 /* Localizable.strings in Resources */,
				8A8727BF149CE19A008D3358 /* Localizable.strings in Resources */,
				8A8727C2149CE19A008D3358 /* icon.png in Resources */,
				8A8727C4149CE19A008D3358 /* icon@2x.png in Resources */,
				8A8727C6149CE19A008D3358 /* icon-72.png in Resources */,
				8A8727C9149CE19A008D3358 /* Default.png in Resources */,
				8A8727CB149CE19A008D3358 /* Default@2x.png in Resources */,
				8A8727CD149CE19A008D3358 /* Capture.bundle in Resources */,
				8A8727CF149CE19A008D3358 /* PhoneGap.plist in Resources */,
				8A8727E3149CE392008D3358 /* www in Resources */,
			);
			runOnlyForDeploymentPostprocessing = 0;
		};
/* End PBXResourcesBuildPhase section */

/* Begin PBXShellScriptBuildPhase section */
		8A87278C149CE19A008D3358 /* ShellScript */ = {
			isa = PBXShellScriptBuildPhase;
			buildActionMask = 2147483647;
			files = (
			);
			inputPaths = (
			);
			outputPaths = (
			);
			runOnlyForDeploymentPostprocessing = 0;
			shellPath = /bin/bash;
			shellScript = "\n\t\t\t\t\t\t\t\tif [ ! -d \"$PROJECT_DIR/www\" ] ; then\n\t\t\t\t\t\t\t\t\tcp -R /Users/Shared/PhoneGap/Frameworks/PhoneGap.framework/www \"$PROJECT_DIR\"\n\t\t\t\t\t\t\t\tfi\n\t\t\t\t\t\t\t\t# detect www folder reference in project, if missing, print warning\n\t\t\t\t\t\t\t\tgrep \"{isa = PBXFileReference; lastKnownFileType = folder; path = www; sourceTree = \\\"<group>\\\"; };\" \"$PROJECT_DIR/$PROJECT_NAME.xcodeproj/project.pbxproj\"\n\t\t\t\t\t\t\t\trc=$? \n\t\t\t\t\t\t\t\tif [ $rc != 0 ] ; then\n\t\t\t\t\t\t\t\techo -e \"warning: Missing - Add $PROJECT_DIR/www as a folder reference in your project. Just drag and drop the folder into your project, into the Project Navigator of Xcode 4. Make sure you select the second radio-button: 'Create folder references for any added folders' (which will create a blue folder)\" 1>&2\n\t\t\t\t\t\t\t\tfi\t\t\t\t\t\t\t";
		};
/* End PBXShellScriptBuildPhase section */

/* Begin PBXSourcesBuildPhase section */
		8A872787149CE19A008D3358 /* Sources */ = {
			isa = PBXSourcesBuildPhase;
			buildActionMask = 2147483647;
			files = (
				8A8727EA149CE637008D3358 /* zxing-all-in-one.cpp in Sources */,
				8A8727B3149CE19A008D3358 /* main.m in Sources */,
				8A8727D3149CE19A008D3358 /* AppDelegate.m in Sources */,
				8A8727E0149CE358008D3358 /* PGBarcodeScanner.mm in Sources */,
			);
			runOnlyForDeploymentPostprocessing = 0;
		};
		8A87278A149CE19A008D3358 /* Sources */ = {
			isa = PBXSourcesBuildPhase;
			buildActionMask = 2147483647;
			files = (
			);
			runOnlyForDeploymentPostprocessing = 0;
		};
/* End PBXSourcesBuildPhase section */

/* Begin PBXVariantGroup section */
		8A8727AF149CE19A008D3358 /* InfoPlist.strings */ = {
			isa = PBXVariantGroup;
			children = (
				8A8727B0149CE19A008D3358 /* en */,
			);
			name = InfoPlist.strings;
			sourceTree = "<group>";
		};
		8A8727B9149CE19A008D3358 /* Localizable.strings */ = {
			isa = PBXVariantGroup;
			children = (
				8A8727BA149CE19A008D3358 /* en */,
			);
			name = Localizable.strings;
			sourceTree = "<group>";
		};
		8A8727BD149CE19A008D3358 /* Localizable.strings */ = {
			isa = PBXVariantGroup;
			children = (
				8A8727BE149CE19A008D3358 /* es */,
			);
			name = Localizable.strings;
			sourceTree = "<group>";
		};
/* End PBXVariantGroup section */

/* Begin XCBuildConfiguration section */
		8A8727D6149CE19A008D3358 /* Debug */ = {
			isa = XCBuildConfiguration;
			buildSettings = {
				ALWAYS_SEARCH_USER_PATHS = NO;
				ARCHS = "$(ARCHS_STANDARD_32_BIT)";
				CODE_SIGN_IDENTITY = "iPhone Developer";
				"CODE_SIGN_IDENTITY[sdk=iphoneos*]" = "iPhone Developer";
				COPY_PHASE_STRIP = NO;
				GCC_C_LANGUAGE_STANDARD = gnu99;
				GCC_DYNAMIC_NO_PIC = NO;
				GCC_OPTIMIZATION_LEVEL = 0;
				GCC_PREPROCESSOR_DEFINITIONS = (
					"DEBUG=1",
					"$(inherited)",
				);
				GCC_SYMBOLS_PRIVATE_EXTERN = NO;
				GCC_VERSION = com.apple.compilers.llvmgcc42;
				GCC_WARN_ABOUT_MISSING_PROTOTYPES = YES;
				GCC_WARN_ABOUT_RETURN_TYPE = YES;
				GCC_WARN_UNUSED_VARIABLE = YES;
				IPHONEOS_DEPLOYMENT_TARGET = 3.0;
				PROVISIONING_PROFILE = "";
				SDKROOT = iphoneos;
			};
			name = Debug;
		};
		8A8727D7149CE19A008D3358 /* Release */ = {
			isa = XCBuildConfiguration;
			buildSettings = {
				ALWAYS_SEARCH_USER_PATHS = NO;
				ARCHS = "$(ARCHS_STANDARD_32_BIT)";
				CODE_SIGN_IDENTITY = "iPhone Developer";
				"CODE_SIGN_IDENTITY[sdk=iphoneos*]" = "iPhone Developer";
				COPY_PHASE_STRIP = YES;
				GCC_C_LANGUAGE_STANDARD = gnu99;
				GCC_VERSION = com.apple.compilers.llvmgcc42;
				GCC_WARN_ABOUT_MISSING_PROTOTYPES = YES;
				GCC_WARN_ABOUT_RETURN_TYPE = YES;
				GCC_WARN_UNUSED_VARIABLE = YES;
				IPHONEOS_DEPLOYMENT_TARGET = 3.0;
				PROVISIONING_PROFILE = "";
				SDKROOT = iphoneos;
				VALIDATE_PRODUCT = YES;
			};
			name = Release;
		};
		8A8727D9149CE19A008D3358 /* Debug */ = {
			isa = XCBuildConfiguration;
			buildSettings = {
				ALWAYS_SEARCH_USER_PATHS = YES;
				COPY_PHASE_STRIP = NO;
				FRAMEWORK_SEARCH_PATHS = /Users/Shared/PhoneGap/Frameworks;
				GCC_DYNAMIC_NO_PIC = NO;
				GCC_PRECOMPILE_PREFIX_HEADER = YES;
				GCC_PREFIX_HEADER = "optibeltscanner/optibeltscanner-Prefix.pch";
				GCC_PREPROCESSOR_DEFINITIONS = "PHONEGAP_FRAMEWORK=YES";
				GCC_VERSION = com.apple.compilers.llvm.clang.1_0;
				INFOPLIST_FILE = "optibeltscanner/optibeltscanner-Info.plist";
				IPHONEOS_DEPLOYMENT_TARGET = 4.0;
				OTHER_LDFLAGS = (
					"-weak_framework",
					UIKit,
					"-weak_framework",
					AVFoundation,
					"-weak_framework",
					CoreMedia,
					"-weak_library",
					/usr/lib/libSystem.B.dylib,
				);
				PRODUCT_NAME = "$(TARGET_NAME)";
				TARGETED_DEVICE_FAMILY = "1,2";
				WRAPPER_EXTENSION = app;
			};
			name = Debug;
		};
		8A8727DA149CE19A008D3358 /* Release */ = {
			isa = XCBuildConfiguration;
			buildSettings = {
				ALWAYS_SEARCH_USER_PATHS = YES;
				COPY_PHASE_STRIP = YES;
				DEBUG_INFORMATION_FORMAT = "dwarf-with-dsym";
				FRAMEWORK_SEARCH_PATHS = /Users/Shared/PhoneGap/Frameworks;
				GCC_PRECOMPILE_PREFIX_HEADER = YES;
				GCC_PREFIX_HEADER = "optibeltscanner/optibeltscanner-Prefix.pch";
				GCC_PREPROCESSOR_DEFINITIONS = "PHONEGAP_FRAMEWORK=YES";
				GCC_VERSION = com.apple.compilers.llvm.clang.1_0;
				INFOPLIST_FILE = "optibeltscanner/optibeltscanner-Info.plist";
				IPHONEOS_DEPLOYMENT_TARGET = 4.0;
				OTHER_LDFLAGS = (
					"-weak_framework",
					UIKit,
					"-weak_framework",
					AVFoundation,
					"-weak_framework",
					CoreMedia,
					"-weak_library",
					/usr/lib/libSystem.B.dylib,
				);
				PRODUCT_NAME = "$(TARGET_NAME)";
				TARGETED_DEVICE_FAMILY = "1,2";
				VALIDATE_PRODUCT = YES;
				WRAPPER_EXTENSION = app;
			};
			name = Release;
		};
/* End XCBuildConfiguration section */

/* Begin XCConfigurationList section */
		8A872785149CE19A008D3358 /* Build configuration list for PBXProject "optibeltscanner" */ = {
			isa = XCConfigurationList;
			buildConfigurations = (
				8A8727D6149CE19A008D3358 /* Debug */,
				8A8727D7149CE19A008D3358 /* Release */,
			);
			defaultConfigurationIsVisible = 0;
			defaultConfigurationName = Release;
		};
		8A8727D8149CE19A008D3358 /* Build configuration list for PBXNativeTarget "optibeltscanner" */ = {
			isa = XCConfigurationList;
			buildConfigurations = (
				8A8727D9149CE19A008D3358 /* Debug */,
				8A8727DA149CE19A008D3358 /* Release */,
			);
			defaultConfigurationIsVisible = 0;
			defaultConfigurationName = Release;
		};
/* End XCConfigurationList section */
	};
	rootObject = 8A872782149CE19A008D3358 /* Project object */;
}
